
Microsoft Visual Studio Solution File, Format Version 12.00
# Visual Studio Version 17
VisualStudioVersion = 17.4.33103.184
MinimumVisualStudioVersion = 10.0.40219.1
Project("{FAE04EC0-301F-11D3-BF4B-00C04F79EFBC}") = "Program that display current date and time", "Program that display current date and time\Program that display current date and time.csproj", "{5C9119EC-C074-4C5A-B444-6124B270EA99}"
EndProject
Global
	GlobalSection(SolutionConfigurationPlatforms) = preSolution
		Debug|Any CPU = Debug|Any CPU
		Release|Any CPU = Release|Any CPU
	EndGlobalSection
	GlobalSection(ProjectConfigurationPlatforms) = postSolution
		{5C9119EC-C074-4C5A-B444-6124B270EA99}.Debug|Any CPU.ActiveCfg = Debug|Any CPU
		{5C9119EC-C074-4C5A-B444-6124B270EA99}.Debug|Any CPU.Build.0 = Debug|Any CPU
		{5C9119EC-C074-4C5A-B444-6124B270EA99}.Release|Any CPU.ActiveCfg = Release|Any CPU
		{5C9119EC-C074-4C5A-B444-6124B270EA99}.Release|Any CPU.Build.0 = Release|Any CPU
	EndGlobalSection
	GlobalSection(SolutionProperties) = preSolution
		HideSolutionNode = FALSE
	EndGlobalSection
	GlobalSection(ExtensibilityGlobals) = postSolution
		SolutionGuid = {0DD5BB43-FAD1-4C43-9FC2-E38F462C1365}
	EndGlobalSection
EndGlobal
